
Microsoft Visual Studio Solution File, Format Version 12.00
# Visual Studio Version 17
VisualStudioVersion = 17.2.32616.157
MinimumVisualStudioVersion = 10.0.40219.1
Project("{9A19103F-16F7-4668-BE54-9A1E7A4F7556}") = "PMS.UI", "PMS\PMS.UI.csproj", "{E4B5488E-C158-4459-B9C0-278BAA5FBC8F}"
EndProject
Project("{9A19103F-16F7-4668-BE54-9A1E7A4F7556}") = "PMS.Services", "PMS.Services\PMS.Services.csproj", "{A04383F8-7FA8-4C0E-96CB-A135549EF82C}"
EndProject
Project("{9A19103F-16F7-4668-BE54-9A1E7A4F7556}") = "PMS.Domain", "PMS.Domain\PMS.Domain.csproj", "{EF6390D1-A300-4AF7-B0E3-38BF560C1786}"
EndProject
Project("{9A19103F-16F7-4668-BE54-9A1E7A4F7556}") = "PMS.Data", "PMS.Data\PMS.Data.csproj", "{01063544-55C3-4668-9BC9-301576F20C91}"
EndProject
Project("{9A19103F-16F7-4668-BE54-9A1E7A4F7556}") = "PMS.ViewModels", "PMS.ViewModels\PMS.ViewModels.csproj", "{09407477-531C-4748-B717-ABC58BEE797D}"
EndProject
Project("{9A19103F-16F7-4668-BE54-9A1E7A4F7556}") = "MoveIT", "MoveIT\MoveIT.csproj", "{5E100D17-3EDE-41AC-B07B-C7178816FC81}"
EndProject
Project("{9A19103F-16F7-4668-BE54-9A1E7A4F7556}") = "PMS.Configuration", "PMS.Configuration\PMS.Configuration.csproj", "{97EC0F71-5FF2-43F4-9E5E-D12F42084AEE}"
EndProject
Project("{2150E333-8FDC-42A3-9474-1A3956D46DE8}") = "ClientServices", "ClientServices", "{953EF074-24C0-4B7D-BDF2-AD3E6B904BB8}"
EndProject
Project("{9A19103F-16F7-4668-BE54-9A1E7A4F7556}") = "NBRM", "NBRM\NBRM.csproj", "{8ECE3AFB-FB21-49EA-8D56-454E59BCAF67}"
EndProject
Project("{9A19103F-16F7-4668-BE54-9A1E7A4F7556}") = "PMS.Wrapper", "Wrapper\PMS.Wrapper.csproj", "{8E96C395-2434-431E-977A-D234F2C8D90F}"
EndProject
Global
	GlobalSection(SolutionConfigurationPlatforms) = preSolution
		Debug|Any CPU = Debug|Any CPU
		Release|Any CPU = Release|Any CPU
	EndGlobalSection
	GlobalSection(ProjectConfigurationPlatforms) = postSolution
		{E4B5488E-C158-4459-B9C0-278BAA5FBC8F}.Debug|Any CPU.ActiveCfg = Debug|Any CPU
		{E4B5488E-C158-4459-B9C0-278BAA5FBC8F}.Debug|Any CPU.Build.0 = Debug|Any CPU
		{E4B5488E-C158-4459-B9C0-278BAA5FBC8F}.Release|Any CPU.ActiveCfg = Release|Any CPU
		{E4B5488E-C158-4459-B9C0-278BAA5FBC8F}.Release|Any CPU.Build.0 = Release|Any CPU
		{A04383F8-7FA8-4C0E-96CB-A135549EF82C}.Debug|Any CPU.ActiveCfg = Debug|Any CPU
		{A04383F8-7FA8-4C0E-96CB-A135549EF82C}.Debug|Any CPU.Build.0 = Debug|Any CPU
		{A04383F8-7FA8-4C0E-96CB-A135549EF82C}.Release|Any CPU.ActiveCfg = Release|Any CPU
		{A04383F8-7FA8-4C0E-96CB-A135549EF82C}.Release|Any CPU.Build.0 = Release|Any CPU
		{EF6390D1-A300-4AF7-B0E3-38BF560C1786}.Debug|Any CPU.ActiveCfg = Debug|Any CPU
		{EF6390D1-A300-4AF7-B0E3-38BF560C1786}.Debug|Any CPU.Build.0 = Debug|Any CPU
		{EF6390D1-A300-4AF7-B0E3-38BF560C1786}.Release|Any CPU.ActiveCfg = Release|Any CPU
		{EF6390D1-A300-4AF7-B0E3-38BF560C1786}.Release|Any CPU.Build.0 = Release|Any CPU
		{01063544-55C3-4668-9BC9-301576F20C91}.Debug|Any CPU.ActiveCfg = Debug|Any CPU
		{01063544-55C3-4668-9BC9-301576F20C91}.Debug|Any CPU.Build.0 = Debug|Any CPU
		{01063544-55C3-4668-9BC9-301576F20C91}.Release|Any CPU.ActiveCfg = Release|Any CPU
		{01063544-55C3-4668-9BC9-301576F20C91}.Release|Any CPU.Build.0 = Release|Any CPU
		{09407477-531C-4748-B717-ABC58BEE797D}.Debug|Any CPU.ActiveCfg = Debug|Any CPU
		{09407477-531C-4748-B717-ABC58BEE797D}.Debug|Any CPU.Build.0 = Debug|Any CPU
		{09407477-531C-4748-B717-ABC58BEE797D}.Release|Any CPU.ActiveCfg = Release|Any CPU
		{09407477-531C-4748-B717-ABC58BEE797D}.Release|Any CPU.Build.0 = Release|Any CPU
		{5E100D17-3EDE-41AC-B07B-C7178816FC81}.Debug|Any CPU.ActiveCfg = Debug|Any CPU
		{5E100D17-3EDE-41AC-B07B-C7178816FC81}.Debug|Any CPU.Build.0 = Debug|Any CPU
		{5E100D17-3EDE-41AC-B07B-C7178816FC81}.Release|Any CPU.ActiveCfg = Release|Any CPU
		{5E100D17-3EDE-41AC-B07B-C7178816FC81}.Release|Any CPU.Build.0 = Release|Any CPU
		{97EC0F71-5FF2-43F4-9E5E-D12F42084AEE}.Debug|Any CPU.ActiveCfg = Debug|Any CPU
		{97EC0F71-5FF2-43F4-9E5E-D12F42084AEE}.Debug|Any CPU.Build.0 = Debug|Any CPU
		{97EC0F71-5FF2-43F4-9E5E-D12F42084AEE}.Release|Any CPU.ActiveCfg = Release|Any CPU
		{97EC0F71-5FF2-43F4-9E5E-D12F42084AEE}.Release|Any CPU.Build.0 = Release|Any CPU
		{8ECE3AFB-FB21-49EA-8D56-454E59BCAF67}.Debug|Any CPU.ActiveCfg = Debug|Any CPU
		{8ECE3AFB-FB21-49EA-8D56-454E59BCAF67}.Debug|Any CPU.Build.0 = Debug|Any CPU
		{8ECE3AFB-FB21-49EA-8D56-454E59BCAF67}.Release|Any CPU.ActiveCfg = Release|Any CPU
		{8ECE3AFB-FB21-49EA-8D56-454E59BCAF67}.Release|Any CPU.Build.0 = Release|Any CPU
		{8E96C395-2434-431E-977A-D234F2C8D90F}.Debug|Any CPU.ActiveCfg = Debug|Any CPU
		{8E96C395-2434-431E-977A-D234F2C8D90F}.Debug|Any CPU.Build.0 = Debug|Any CPU
		{8E96C395-2434-431E-977A-D234F2C8D90F}.Release|Any CPU.ActiveCfg = Release|Any CPU
		{8E96C395-2434-431E-977A-D234F2C8D90F}.Release|Any CPU.Build.0 = Release|Any CPU
	EndGlobalSection
	GlobalSection(SolutionProperties) = preSolution
		HideSolutionNode = FALSE
	EndGlobalSection
	GlobalSection(NestedProjects) = preSolution
		{8ECE3AFB-FB21-49EA-8D56-454E59BCAF67} = {953EF074-24C0-4B7D-BDF2-AD3E6B904BB8}
	EndGlobalSection
	GlobalSection(ExtensibilityGlobals) = postSolution
		SolutionGuid = {8D08D311-A77E-4262-871C-07C3120A261E}
	EndGlobalSection
EndGlobal
